
Microsoft Visual Studio Solution File, Format Version 12.00
# Visual Studio 15
VisualStudioVersion = 15.0.26430.16
MinimumVisualStudioVersion = 10.0.40219.1
Project("{FAE04EC0-301F-11D3-BF4B-00C04F79EFBC}") = "ForeignExchangeWin.Android", "ForeignExchangeWin\ForeignExchangeWin.Android\ForeignExchangeWin.Android.csproj", "{8216D9DC-6B49-431F-AC12-CDFDF18803EB}"
EndProject
Project("{FAE04EC0-301F-11D3-BF4B-00C04F79EFBC}") = "ForeignExchangeWin", "ForeignExchangeWin\ForeignExchangeWin\ForeignExchangeWin.csproj", "{24D2C315-A8E6-4928-B3D2-9287CA4EA600}"
EndProject
Project("{FAE04EC0-301F-11D3-BF4B-00C04F79EFBC}") = "ForeignExchangeWin.UWP", "ForeignExchangeWin\ForeignExchangeWin.UWP\ForeignExchangeWin.UWP.csproj", "{9530F264-5524-40E2-B6EE-5C4BE57C35CB}"
EndProject
Project("{FAE04EC0-301F-11D3-BF4B-00C04F79EFBC}") = "ForeignExchangeWin.iOS", "ForeignExchangeWin\ForeignExchangeWin.iOS\ForeignExchangeWin.iOS.csproj", "{FF7A135B-0825-451D-9E7B-6F364DF36581}"
EndProject
Global
	GlobalSection(SolutionConfigurationPlatforms) = preSolution
		Ad-Hoc|Any CPU = Ad-Hoc|Any CPU
		Ad-Hoc|ARM = Ad-Hoc|ARM
		Ad-Hoc|iPhone = Ad-Hoc|iPhone
		Ad-Hoc|iPhoneSimulator = Ad-Hoc|iPhoneSimulator
		Ad-Hoc|x64 = Ad-Hoc|x64
		Ad-Hoc|x86 = Ad-Hoc|x86
		AppStore|Any CPU = AppStore|Any CPU
		AppStore|ARM = AppStore|ARM
		AppStore|iPhone = AppStore|iPhone
		AppStore|iPhoneSimulator = AppStore|iPhoneSimulator
		AppStore|x64 = AppStore|x64
		AppStore|x86 = AppStore|x86
		Debug|Any CPU = Debug|Any CPU
		Debug|ARM = Debug|ARM
		Debug|iPhone = Debug|iPhone
		Debug|iPhoneSimulator = Debug|iPhoneSimulator
		Debug|x64 = Debug|x64
		Debug|x86 = Debug|x86
		Release|Any CPU = Release|Any CPU
		Release|ARM = Release|ARM
		Release|iPhone = Release|iPhone
		Release|iPhoneSimulator = Release|iPhoneSimulator
		Release|x64 = Release|x64
		Release|x86 = Release|x86
	EndGlobalSection
	GlobalSection(ProjectConfigurationPlatforms) = postSolution
		{8216D9DC-6B49-431F-AC12-CDFDF18803EB}.Ad-Hoc|Any CPU.ActiveCfg = Release|Any CPU
		{8216D9DC-6B49-431F-AC12-CDFDF18803EB}.Ad-Hoc|Any CPU.Build.0 = Release|Any CPU
		{8216D9DC-6B49-431F-AC12-CDFDF18803EB}.Ad-Hoc|Any CPU.Deploy.0 = Release|Any CPU
		{8216D9DC-6B49-431F-AC12-CDFDF18803EB}.Ad-Hoc|ARM.ActiveCfg = Release|Any CPU
		{8216D9DC-6B49-431F-AC12-CDFDF18803EB}.Ad-Hoc|ARM.Build.0 = Release|Any CPU
		{8216D9DC-6B49-431F-AC12-CDFDF18803EB}.Ad-Hoc|ARM.Deploy.0 = Release|Any CPU
		{8216D9DC-6B49-431F-AC12-CDFDF18803EB}.Ad-Hoc|iPhone.ActiveCfg = Release|Any CPU
		{8216D9DC-6B49-431F-AC12-CDFDF18803EB}.Ad-Hoc|iPhone.Build.0 = Release|Any CPU
		{8216D9DC-6B49-431F-AC12-CDFDF18803EB}.Ad-Hoc|iPhone.Deploy.0 = Release|Any CPU
		{8216D9DC-6B49-431F-AC12-CDFDF18803EB}.Ad-Hoc|iPhoneSimulator.ActiveCfg = Release|Any CPU
		{8216D9DC-6B49-431F-AC12-CDFDF18803EB}.Ad-Hoc|iPhoneSimulator.Build.0 = Release|Any CPU
		{8216D9DC-6B49-431F-AC12-CDFDF18803EB}.Ad-Hoc|iPhoneSimulator.Deploy.0 = Release|Any CPU
		{8216D9DC-6B49-431F-AC12-CDFDF18803EB}.Ad-Hoc|x64.ActiveCfg = Release|Any CPU
		{8216D9DC-6B49-431F-AC12-CDFDF18803EB}.Ad-Hoc|x64.Build.0 = Release|Any CPU
		{8216D9DC-6B49-431F-AC12-CDFDF18803EB}.Ad-Hoc|x64.Deploy.0 = Release|Any CPU
		{8216D9DC-6B49-431F-AC12-CDFDF18803EB}.Ad-Hoc|x86.ActiveCfg = Release|Any CPU
		{8216D9DC-6B49-431F-AC12-CDFDF18803EB}.Ad-Hoc|x86.Build.0 = Release|Any CPU
		{8216D9DC-6B49-431F-AC12-CDFDF18803EB}.Ad-Hoc|x86.Deploy.0 = Release|Any CPU
		{8216D9DC-6B49-431F-AC12-CDFDF18803EB}.AppStore|Any CPU.ActiveCfg = Release|Any CPU
		{8216D9DC-6B49-431F-AC12-CDFDF18803EB}.AppStore|Any CPU.Build.0 = Release|Any CPU
		{8216D9DC-6B49-431F-AC12-CDFDF18803EB}.AppStore|Any CPU.Deploy.0 = Release|Any CPU
		{8216D9DC-6B49-431F-AC12-CDFDF18803EB}.AppStore|ARM.ActiveCfg = Release|Any CPU
		{8216D9DC-6B49-431F-AC12-CDFDF18803EB}.AppStore|ARM.Build.0 = Release|Any CPU
		{8216D9DC-6B49-431F-AC12-CDFDF18803EB}.AppStore|ARM.Deploy.0 = Release|Any CPU
		{8216D9DC-6B49-431F-AC12-CDFDF18803EB}.AppStore|iPhone.ActiveCfg = Release|Any CPU
		{8216D9DC-6B49-431F-AC12-CDFDF18803EB}.AppStore|iPhone.Build.0 = Release|Any CPU
		{8216D9DC-6B49-431F-AC12-CDFDF18803EB}.AppStore|iPhone.Deploy.0 = Release|Any CPU
		{8216D9DC-6B49-431F-AC12-CDFDF18803EB}.AppStore|iPhoneSimulator.ActiveCfg = Release|Any CPU
		{8216D9DC-6B49-431F-AC12-CDFDF18803EB}.AppStore|iPhoneSimulator.Build.0 = Release|Any CPU
		{8216D9DC-6B49-431F-AC12-CDFDF18803EB}.AppStore|iPhoneSimulator.Deploy.0 = Release|Any CPU
		{8216D9DC-6B49-431F-AC12-CDFDF18803EB}.AppStore|x64.ActiveCfg = Release|Any CPU
		{8216D9DC-6B49-431F-AC12-CDFDF18803EB}.AppStore|x64.Build.0 = Release|Any CPU
		{8216D9DC-6B49-431F-AC12-CDFDF18803EB}.AppStore|x64.Deploy.0 = Release|Any CPU
		{8216D9DC-6B49-431F-AC12-CDFDF18803EB}.AppStore|x86.ActiveCfg = Release|Any CPU
		{8216D9DC-6B49-431F-AC12-CDFDF18803EB}.AppStore|x86.Build.0 = Release|Any CPU
		{8216D9DC-6B49-431F-AC12-CDFDF18803EB}.AppStore|x86.Deploy.0 = Release|Any CPU
		{8216D9DC-6B49-431F-AC12-CDFDF18803EB}.Debug|Any CPU.ActiveCfg = Debug|Any CPU
		{8216D9DC-6B49-431F-AC12-CDFDF18803EB}.Debug|Any CPU.Build.0 = Debug|Any CPU
		{8216D9DC-6B49-431F-AC12-CDFDF18803EB}.Debug|Any CPU.Deploy.0 = Debug|Any CPU
		{8216D9DC-6B49-431F-AC12-CDFDF18803EB}.Debug|ARM.ActiveCfg = Debug|Any CPU
		{8216D9DC-6B49-431F-AC12-CDFDF18803EB}.Debug|ARM.Build.0 = Debug|Any CPU
		{8216D9DC-6B49-431F-AC12-CDFDF18803EB}.Debug|ARM.Deploy.0 = Debug|Any CPU
		{8216D9DC-6B49-431F-AC12-CDFDF18803EB}.Debug|iPhone.ActiveCfg = Debug|Any CPU
		{8216D9DC-6B49-431F-AC12-CDFDF18803EB}.Debug|iPhone.Build.0 = Debug|Any CPU
		{8216D9DC-6B49-431F-AC12-CDFDF18803EB}.Debug|iPhone.Deploy.0 = Debug|Any CPU
		{8216D9DC-6B49-431F-AC12-CDFDF18803EB}.Debug|iPhoneSimulator.ActiveCfg = Debug|Any CPU
		{8216D9DC-6B49-431F-AC12-CDFDF18803EB}.Debug|iPhoneSimulator.Build.0 = Debug|Any CPU
		{8216D9DC-6B49-431F-AC12-CDFDF18803EB}.Debug|iPhoneSimulator.Deploy.0 = Debug|Any CPU
		{8216D9DC-6B49-431F-AC12-CDFDF18803EB}.Debug|x64.ActiveCfg = Debug|Any CPU
		{8216D9DC-6B49-431F-AC12-CDFDF18803EB}.Debug|x64.Build.0 = Debug|Any CPU
		{8216D9DC-6B49-431F-AC12-CDFDF18803EB}.Debug|x64.Deploy.0 = Debug|Any CPU
		{8216D9DC-6B49-431F-AC12-CDFDF18803EB}.Debug|x86.ActiveCfg = Debug|Any CPU
		{8216D9DC-6B49-431F-AC12-CDFDF18803EB}.Debug|x86.Build.0 = Debug|Any CPU
		{8216D9DC-6B49-431F-AC12-CDFDF18803EB}.Debug|x86.Deploy.0 = Debug|Any CPU
		{8216D9DC-6B49-431F-AC12-CDFDF18803EB}.Release|Any CPU.ActiveCfg = Release|Any CPU
		{8216D9DC-6B49-431F-AC12-CDFDF18803EB}.Release|Any CPU.Build.0 = Release|Any CPU
		{8216D9DC-6B49-431F-AC12-CDFDF18803EB}.Release|Any CPU.Deploy.0 = Release|Any CPU
		{8216D9DC-6B49-431F-AC12-CDFDF18803EB}.Release|ARM.ActiveCfg = Release|Any CPU
		{8216D9DC-6B49-431F-AC12-CDFDF18803EB}.Release|ARM.Build.0 = Release|Any CPU
		{8216D9DC-6B49-431F-AC12-CDFDF18803EB}.Release|ARM.Deploy.0 = Release|Any CPU
		{8216D9DC-6B49-431F-AC12-CDFDF18803EB}.Release|iPhone.ActiveCfg = Release|Any CPU
		{8216D9DC-6B49-431F-AC12-CDFDF18803EB}.Release|iPhone.Build.0 = Release|Any CPU
		{8216D9DC-6B49-431F-AC12-CDFDF18803EB}.Release|iPhone.Deploy.0 = Release|Any CPU
		{8216D9DC-6B49-431F-AC12-CDFDF18803EB}.Release|iPhoneSimulator.ActiveCfg = Release|Any CPU
		{8216D9DC-6B49-431F-AC12-CDFDF18803EB}.Release|iPhoneSimulator.Build.0 = Release|Any CPU
		{8216D9DC-6B49-431F-AC12-CDFDF18803EB}.Release|iPhoneSimulator.Deploy.0 = Release|Any CPU
		{8216D9DC-6B49-431F-AC12-CDFDF18803EB}.Release|x64.ActiveCfg = Release|Any CPU
		{8216D9DC-6B49-431F-AC12-CDFDF18803EB}.Release|x64.Build.0 = Release|Any CPU
		{8216D9DC-6B49-431F-AC12-CDFDF18803EB}.Release|x64.Deploy.0 = Release|Any CPU
		{8216D9DC-6B49-431F-AC12-CDFDF18803EB}.Release|x86.ActiveCfg = Release|Any CPU
		{8216D9DC-6B49-431F-AC12-CDFDF18803EB}.Release|x86.Build.0 = Release|Any CPU
		{8216D9DC-6B49-431F-AC12-CDFDF18803EB}.Release|x86.Deploy.0 = Release|Any CPU
		{24D2C315-A8E6-4928-B3D2-9287CA4EA600}.Ad-Hoc|Any CPU.ActiveCfg = Release|Any CPU
		{24D2C315-A8E6-4928-B3D2-9287CA4EA600}.Ad-Hoc|Any CPU.Build.0 = Release|Any CPU
		{24D2C315-A8E6-4928-B3D2-9287CA4EA600}.Ad-Hoc|ARM.ActiveCfg = Release|Any CPU
		{24D2C315-A8E6-4928-B3D2-9287CA4EA600}.Ad-Hoc|ARM.Build.0 = Release|Any CPU
		{24D2C315-A8E6-4928-B3D2-9287CA4EA600}.Ad-Hoc|iPhone.ActiveCfg = Release|Any CPU
		{24D2C315-A8E6-4928-B3D2-9287CA4EA600}.Ad-Hoc|iPhone.Build.0 = Release|Any CPU
		{24D2C315-A8E6-4928-B3D2-9287CA4EA600}.Ad-Hoc|iPhoneSimulator.ActiveCfg = Release|Any CPU
		{24D2C315-A8E6-4928-B3D2-9287CA4EA600}.Ad-Hoc|iPhoneSimulator.Build.0 = Release|Any CPU
		{24D2C315-A8E6-4928-B3D2-9287CA4EA600}.Ad-Hoc|x64.ActiveCfg = Release|Any CPU
		{24D2C315-A8E6-4928-B3D2-9287CA4EA600}.Ad-Hoc|x64.Build.0 = Release|Any CPU
		{24D2C315-A8E6-4928-B3D2-9287CA4EA600}.Ad-Hoc|x86.ActiveCfg = Release|Any CPU
		{24D2C315-A8E6-4928-B3D2-9287CA4EA600}.Ad-Hoc|x86.Build.0 = Release|Any CPU
		{24D2C315-A8E6-4928-B3D2-9287CA4EA600}.AppStore|Any CPU.ActiveCfg = Release|Any CPU
		{24D2C315-A8E6-4928-B3D2-9287CA4EA600}.AppStore|Any CPU.Build.0 = Release|Any CPU
		{24D2C315-A8E6-4928-B3D2-9287CA4EA600}.AppStore|ARM.ActiveCfg = Release|Any CPU
		{24D2C315-A8E6-4928-B3D2-9287CA4EA600}.AppStore|ARM.Build.0 = Release|Any CPU
		{24D2C315-A8E6-4928-B3D2-9287CA4EA600}.AppStore|iPhone.ActiveCfg = Release|Any CPU
		{24D2C315-A8E6-4928-B3D2-9287CA4EA600}.AppStore|iPhone.Build.0 = Release|Any CPU
		{24D2C315-A8E6-4928-B3D2-9287CA4EA600}.AppStore|iPhoneSimulator.ActiveCfg = Release|Any CPU
		{24D2C315-A8E6-4928-B3D2-9287CA4EA600}.AppStore|iPhoneSimulator.Build.0 = Release|Any CPU
		{24D2C315-A8E6-4928-B3D2-9287CA4EA600}.AppStore|x64.ActiveCfg = Release|Any CPU
		{24D2C315-A8E6-4928-B3D2-9287CA4EA600}.AppStore|x64.Build.0 = Release|Any CPU
		{24D2C315-A8E6-4928-B3D2-9287CA4EA600}.AppStore|x86.ActiveCfg = Release|Any CPU
		{24D2C315-A8E6-4928-B3D2-9287CA4EA600}.AppStore|x86.Build.0 = Release|Any CPU
		{24D2C315-A8E6-4928-B3D2-9287CA4EA600}.Debug|Any CPU.ActiveCfg = Debug|Any CPU
		{24D2C315-A8E6-4928-B3D2-9287CA4EA600}.Debug|Any CPU.Build.0 = Debug|Any CPU
		{24D2C315-A8E6-4928-B3D2-9287CA4EA600}.Debug|ARM.ActiveCfg = Debug|Any CPU
		{24D2C315-A8E6-4928-B3D2-9287CA4EA600}.Debug|ARM.Build.0 = Debug|Any CPU
		{24D2C315-A8E6-4928-B3D2-9287CA4EA600}.Debug|iPhone.ActiveCfg = Debug|Any CPU
		{24D2C315-A8E6-4928-B3D2-9287CA4EA600}.Debug|iPhone.Build.0 = Debug|Any CPU
		{24D2C315-A8E6-4928-B3D2-9287CA4EA600}.Debug|iPhoneSimulator.ActiveCfg = Debug|Any CPU
		{24D2C315-A8E6-4928-B3D2-9287CA4EA600}.Debug|iPhoneSimulator.Build.0 = Debug|Any CPU
		{24D2C315-A8E6-4928-B3D2-9287CA4EA600}.Debug|x64.ActiveCfg = Debug|Any CPU
		{24D2C315-A8E6-4928-B3D2-9287CA4EA600}.Debug|x64.Build.0 = Debug|Any CPU
		{24D2C315-A8E6-4928-B3D2-9287CA4EA600}.Debug|x86.ActiveCfg = Debug|Any CPU
		{24D2C315-A8E6-4928-B3D2-9287CA4EA600}.Debug|x86.Build.0 = Debug|Any CPU
		{24D2C315-A8E6-4928-B3D2-9287CA4EA600}.Release|Any CPU.ActiveCfg = Release|Any CPU
		{24D2C315-A8E6-4928-B3D2-9287CA4EA600}.Release|Any CPU.Build.0 = Release|Any CPU
		{24D2C315-A8E6-4928-B3D2-9287CA4EA600}.Release|ARM.ActiveCfg = Release|Any CPU
		{24D2C315-A8E6-4928-B3D2-9287CA4EA600}.Release|ARM.Build.0 = Release|Any CPU
		{24D2C315-A8E6-4928-B3D2-9287CA4EA600}.Release|iPhone.ActiveCfg = Release|Any CPU
		{24D2C315-A8E6-4928-B3D2-9287CA4EA600}.Release|iPhone.Build.0 = Release|Any CPU
		{24D2C315-A8E6-4928-B3D2-9287CA4EA600}.Release|iPhoneSimulator.ActiveCfg = Release|Any CPU
		{24D2C315-A8E6-4928-B3D2-9287CA4EA600}.Release|iPhoneSimulator.Build.0 = Release|Any CPU
		{24D2C315-A8E6-4928-B3D2-9287CA4EA600}.Release|x64.ActiveCfg = Release|Any CPU
		{24D2C315-A8E6-4928-B3D2-9287CA4EA600}.Release|x64.Build.0 = Release|Any CPU
		{24D2C315-A8E6-4928-B3D2-9287CA4EA600}.Release|x86.ActiveCfg = Release|Any CPU
		{24D2C315-A8E6-4928-B3D2-9287CA4EA600}.Release|x86.Build.0 = Release|Any CPU
		{9530F264-5524-40E2-B6EE-5C4BE57C35CB}.Ad-Hoc|Any CPU.ActiveCfg = Release|x86
		{9530F264-5524-40E2-B6EE-5C4BE57C35CB}.Ad-Hoc|Any CPU.Build.0 = Release|x86
		{9530F264-5524-40E2-B6EE-5C4BE57C35CB}.Ad-Hoc|Any CPU.Deploy.0 = Release|x86
		{9530F264-5524-40E2-B6EE-5C4BE57C35CB}.Ad-Hoc|ARM.ActiveCfg = Release|ARM
		{9530F264-5524-40E2-B6EE-5C4BE57C35CB}.Ad-Hoc|ARM.Build.0 = Release|ARM
		{9530F264-5524-40E2-B6EE-5C4BE57C35CB}.Ad-Hoc|ARM.Deploy.0 = Release|ARM
		{9530F264-5524-40E2-B6EE-5C4BE57C35CB}.Ad-Hoc|iPhone.ActiveCfg = Release|x86
		{9530F264-5524-40E2-B6EE-5C4BE57C35CB}.Ad-Hoc|iPhone.Build.0 = Release|x86
		{9530F264-5524-40E2-B6EE-5C4BE57C35CB}.Ad-Hoc|iPhone.Deploy.0 = Release|x86
		{9530F264-5524-40E2-B6EE-5C4BE57C35CB}.Ad-Hoc|iPhoneSimulator.ActiveCfg = Release|x86
		{9530F264-5524-40E2-B6EE-5C4BE57C35CB}.Ad-Hoc|iPhoneSimulator.Build.0 = Release|x86
		{9530F264-5524-40E2-B6EE-5C4BE57C35CB}.Ad-Hoc|iPhoneSimulator.Deploy.0 = Release|x86
		{9530F264-5524-40E2-B6EE-5C4BE57C35CB}.Ad-Hoc|x64.ActiveCfg = Release|x64
		{9530F264-5524-40E2-B6EE-5C4BE57C35CB}.Ad-Hoc|x64.Build.0 = Release|x64
		{9530F264-5524-40E2-B6EE-5C4BE57C35CB}.Ad-Hoc|x64.Deploy.0 = Release|x64
		{9530F264-5524-40E2-B6EE-5C4BE57C35CB}.Ad-Hoc|x86.ActiveCfg = Release|x86
		{9530F264-5524-40E2-B6EE-5C4BE57C35CB}.Ad-Hoc|x86.Build.0 = Release|x86
		{9530F264-5524-40E2-B6EE-5C4BE57C35CB}.Ad-Hoc|x86.Deploy.0 = Release|x86
		{9530F264-5524-40E2-B6EE-5C4BE57C35CB}.AppStore|Any CPU.ActiveCfg = Release|x86
		{9530F264-5524-40E2-B6EE-5C4BE57C35CB}.AppStore|Any CPU.Build.0 = Release|x86
		{9530F264-5524-40E2-B6EE-5C4BE57C35CB}.AppStore|Any CPU.Deploy.0 = Release|x86
		{9530F264-5524-40E2-B6EE-5C4BE57C35CB}.AppStore|ARM.ActiveCfg = Release|ARM
		{9530F264-5524-40E2-B6EE-5C4BE57C35CB}.AppStore|ARM.Build.0 = Release|ARM
		{9530F264-5524-40E2-B6EE-5C4BE57C35CB}.AppStore|ARM.Deploy.0 = Release|ARM
		{9530F264-5524-40E2-B6EE-5C4BE57C35CB}.AppStore|iPhone.ActiveCfg = Release|x86
		{9530F264-5524-40E2-B6EE-5C4BE57C35CB}.AppStore|iPhone.Build.0 = Release|x86
		{9530F264-5524-40E2-B6EE-5C4BE57C35CB}.AppStore|iPhone.Deploy.0 = Release|x86
		{9530F264-5524-40E2-B6EE-5C4BE57C35CB}.AppStore|iPhoneSimulator.ActiveCfg = Release|x86
		{9530F264-5524-40E2-B6EE-5C4BE57C35CB}.AppStore|iPhoneSimulator.Build.0 = Release|x86
		{9530F264-5524-40E2-B6EE-5C4BE57C35CB}.AppStore|iPhoneSimulator.Deploy.0 = Release|x86
		{9530F264-5524-40E2-B6EE-5C4BE57C35CB}.AppStore|x64.ActiveCfg = Release|x64
		{9530F264-5524-40E2-B6EE-5C4BE57C35CB}.AppStore|x64.Build.0 = Release|x64
		{9530F264-5524-40E2-B6EE-5C4BE57C35CB}.AppStore|x64.Deploy.0 = Release|x64
		{9530F264-5524-40E2-B6EE-5C4BE57C35CB}.AppStore|x86.ActiveCfg = Release|x86
		{9530F264-5524-40E2-B6EE-5C4BE57C35CB}.AppStore|x86.Build.0 = Release|x86
		{9530F264-5524-40E2-B6EE-5C4BE57C35CB}.AppStore|x86.Deploy.0 = Release|x86
		{9530F264-5524-40E2-B6EE-5C4BE57C35CB}.Debug|Any CPU.ActiveCfg = Debug|x86
		{9530F264-5524-40E2-B6EE-5C4BE57C35CB}.Debug|ARM.ActiveCfg = Debug|ARM
		{9530F264-5524-40E2-B6EE-5C4BE57C35CB}.Debug|ARM.Build.0 = Debug|ARM
		{9530F264-5524-40E2-B6EE-5C4BE57C35CB}.Debug|ARM.Deploy.0 = Debug|ARM
		{9530F264-5524-40E2-B6EE-5C4BE57C35CB}.Debug|iPhone.ActiveCfg = Debug|x86
		{9530F264-5524-40E2-B6EE-5C4BE57C35CB}.Debug|iPhoneSimulator.ActiveCfg = Debug|x86
		{9530F264-5524-40E2-B6EE-5C4BE57C35CB}.Debug|x64.ActiveCfg = Debug|x64
		{9530F264-5524-40E2-B6EE-5C4BE57C35CB}.Debug|x64.Build.0 = Debug|x64
		{9530F264-5524-40E2-B6EE-5C4BE57C35CB}.Debug|x64.Deploy.0 = Debug|x64
		{9530F264-5524-40E2-B6EE-5C4BE57C35CB}.Debug|x86.ActiveCfg = Debug|x86
		{9530F264-5524-40E2-B6EE-5C4BE57C35CB}.Debug|x86.Build.0 = Debug|x86
		{9530F264-5524-40E2-B6EE-5C4BE57C35CB}.Debug|x86.Deploy.0 = Debug|x86
		{9530F264-5524-40E2-B6EE-5C4BE57C35CB}.Release|Any CPU.ActiveCfg = Release|x86
		{9530F264-5524-40E2-B6EE-5C4BE57C35CB}.Release|ARM.ActiveCfg = Release|ARM
		{9530F264-5524-40E2-B6EE-5C4BE57C35CB}.Release|ARM.Build.0 = Release|ARM
		{9530F264-5524-40E2-B6EE-5C4BE57C35CB}.Release|ARM.Deploy.0 = Release|ARM
		{9530F264-5524-40E2-B6EE-5C4BE57C35CB}.Release|iPhone.ActiveCfg = Release|x86
		{9530F264-5524-40E2-B6EE-5C4BE57C35CB}.Release|iPhoneSimulator.ActiveCfg = Release|x86
		{9530F264-5524-40E2-B6EE-5C4BE57C35CB}.Release|x64.ActiveCfg = Release|x64
		{9530F264-5524-40E2-B6EE-5C4BE57C35CB}.Release|x64.Build.0 = Release|x64
		{9530F264-5524-40E2-B6EE-5C4BE57C35CB}.Release|x64.Deploy.0 = Release|x64
		{9530F264-5524-40E2-B6EE-5C4BE57C35CB}.Release|x86.ActiveCfg = Release|x86
		{9530F264-5524-40E2-B6EE-5C4BE57C35CB}.Release|x86.Build.0 = Release|x86
		{9530F264-5524-40E2-B6EE-5C4BE57C35CB}.Release|x86.Deploy.0 = Release|x86
		{FF7A135B-0825-451D-9E7B-6F364DF36581}.Ad-Hoc|Any CPU.ActiveCfg = Ad-Hoc|iPhone
		{FF7A135B-0825-451D-9E7B-6F364DF36581}.Ad-Hoc|ARM.ActiveCfg = Ad-Hoc|iPhone
		{FF7A135B-0825-451D-9E7B-6F364DF36581}.Ad-Hoc|iPhone.ActiveCfg = Ad-Hoc|iPhone
		{FF7A135B-0825-451D-9E7B-6F364DF36581}.Ad-Hoc|iPhone.Build.0 = Ad-Hoc|iPhone
		{FF7A135B-0825-451D-9E7B-6F364DF36581}.Ad-Hoc|iPhoneSimulator.ActiveCfg = Ad-Hoc|iPhoneSimulator
		{FF7A135B-0825-451D-9E7B-6F364DF36581}.Ad-Hoc|iPhoneSimulator.Build.0 = Ad-Hoc|iPhoneSimulator
		{FF7A135B-0825-451D-9E7B-6F364DF36581}.Ad-Hoc|x64.ActiveCfg = Ad-Hoc|iPhone
		{FF7A135B-0825-451D-9E7B-6F364DF36581}.Ad-Hoc|x86.ActiveCfg = Ad-Hoc|iPhone
		{FF7A135B-0825-451D-9E7B-6F364DF36581}.AppStore|Any CPU.ActiveCfg = AppStore|iPhone
		{FF7A135B-0825-451D-9E7B-6F364DF36581}.AppStore|ARM.ActiveCfg = AppStore|iPhone
		{FF7A135B-0825-451D-9E7B-6F364DF36581}.AppStore|iPhone.ActiveCfg = AppStore|iPhone
		{FF7A135B-0825-451D-9E7B-6F364DF36581}.AppStore|iPhone.Build.0 = AppStore|iPhone
		{FF7A135B-0825-451D-9E7B-6F364DF36581}.AppStore|iPhoneSimulator.ActiveCfg = AppStore|iPhoneSimulator
		{FF7A135B-0825-451D-9E7B-6F364DF36581}.AppStore|iPhoneSimulator.Build.0 = AppStore|iPhoneSimulator
		{FF7A135B-0825-451D-9E7B-6F364DF36581}.AppStore|x64.ActiveCfg = AppStore|iPhone
		{FF7A135B-0825-451D-9E7B-6F364DF36581}.AppStore|x86.ActiveCfg = AppStore|iPhone
		{FF7A135B-0825-451D-9E7B-6F364DF36581}.Debug|Any CPU.ActiveCfg = Debug|iPhone
		{FF7A135B-0825-451D-9E7B-6F364DF36581}.Debug|ARM.ActiveCfg = Debug|iPhone
		{FF7A135B-0825-451D-9E7B-6F364DF36581}.Debug|iPhone.ActiveCfg = Debug|iPhone
		{FF7A135B-0825-451D-9E7B-6F364DF36581}.Debug|iPhone.Build.0 = Debug|iPhone
		{FF7A135B-0825-451D-9E7B-6F364DF36581}.Debug|iPhoneSimulator.ActiveCfg = Debug|iPhoneSimulator
		{FF7A135B-0825-451D-9E7B-6F364DF36581}.Debug|iPhoneSimulator.Build.0 = Debug|iPhoneSimulator
		{FF7A135B-0825-451D-9E7B-6F364DF36581}.Debug|x64.ActiveCfg = Debug|iPhone
		{FF7A135B-0825-451D-9E7B-6F364DF36581}.Debug|x86.ActiveCfg = Debug|iPhone
		{FF7A135B-0825-451D-9E7B-6F364DF36581}.Release|Any CPU.ActiveCfg = Release|iPhone
		{FF7A135B-0825-451D-9E7B-6F364DF36581}.Release|ARM.ActiveCfg = Release|iPhone
		{FF7A135B-0825-451D-9E7B-6F364DF36581}.Release|iPhone.ActiveCfg = Release|iPhone
		{FF7A135B-0825-451D-9E7B-6F364DF36581}.Release|iPhone.Build.0 = Release|iPhone
		{FF7A135B-0825-451D-9E7B-6F364DF36581}.Release|iPhoneSimulator.ActiveCfg = Release|iPhoneSimulator
		{FF7A135B-0825-451D-9E7B-6F364DF36581}.Release|iPhoneSimulator.Build.0 = Release|iPhoneSimulator
		{FF7A135B-0825-451D-9E7B-6F364DF36581}.Release|x64.ActiveCfg = Release|iPhone
		{FF7A135B-0825-451D-9E7B-6F364DF36581}.Release|x86.ActiveCfg = Release|iPhone
	EndGlobalSection
	GlobalSection(SolutionProperties) = preSolution
		HideSolutionNode = FALSE
	EndGlobalSection
EndGlobal
